# THIS IS AN AUTOGENERATED FILE. DO NOT EDIT THIS FILE DIRECTLY.
# yarn lockfile v1


flat@^2.0.1:
  version "2.0.1"
  resolved "https://registry.yarnpkg.com/flat/-/flat-2.0.1.tgz#70e29188a74be0c3c89409eed1fa9577907ae32f"
  dependencies:
    is-buffer "~1.1.2"

is-buffer@~1.1.2:
  version "1.1.4"
  resolved "https://registry.yarnpkg.com/is-buffer/-/is-buffer-1.1.4.tgz#cfc86ccd5dc5a52fa80489111c6920c457e2d98b"
